
Microsoft Visual Studio Solution File, Format Version 12.00
# Visual Studio Version 17
VisualStudioVersion = 17.9.34728.123
MinimumVisualStudioVersion = 10.0.40219.1
Project("{2150E333-8FDC-42A3-9474-1A3956D46DE8}") = "Services", "Services", "{8AAC1B53-6BF2-4C68-A32C-C9952AE2CD85}"
EndProject
Project("{2150E333-8FDC-42A3-9474-1A3956D46DE8}") = "Catalog", "Catalog", "{A909EB60-3BF3-44E9-ACDA-6B0234907E7D}"
EndProject
Project("{2150E333-8FDC-42A3-9474-1A3956D46DE8}") = "Basket", "Basket", "{98340A48-2ECE-48FC-9544-A1B28CD03031}"
EndProject
Project("{2150E333-8FDC-42A3-9474-1A3956D46DE8}") = "Order", "Order", "{C1E11578-5E02-4047-AC80-87D3B115FBA2}"
EndProject
Project("{2150E333-8FDC-42A3-9474-1A3956D46DE8}") = "Discount", "Discount", "{BBA18F08-1EFA-457A-B575-5B6F48984F99}"
EndProject
Project("{2150E333-8FDC-42A3-9474-1A3956D46DE8}") = "Payment", "Payment", "{D144F92A-1A07-490E-BCCF-0EBD0E84846F}"
EndProject
Project("{2150E333-8FDC-42A3-9474-1A3956D46DE8}") = "Frontends", "Frontends", "{1E35F9BE-806D-4813-B43E-F12D2D3A0991}"
EndProject
Project("{2150E333-8FDC-42A3-9474-1A3956D46DE8}") = "IdentityServer", "IdentityServer", "{6022BB4E-2794-4D12-BC34-1BEBC521340B}"
EndProject
Project("{9A19103F-16F7-4668-BE54-9A1E7A4F7556}") = "EShopper.Catalog", "Services\Catalog\EShopper.Catalog\EShopper.Catalog.csproj", "{A9923438-4E66-45D9-ADCC-948A80D02EBB}"
EndProject
Project("{2150E333-8FDC-42A3-9474-1A3956D46DE8}") = "Requirements", "Requirements", "{0008193B-881A-4EC2-A96C-9B7915C1A87B}"
	ProjectSection(SolutionItems) = preProject
		Ports.txt = Ports.txt
	EndProjectSection
EndProject
Project("{9A19103F-16F7-4668-BE54-9A1E7A4F7556}") = "EShopper.Discount", "Services\Discount\EShopper.Discount\EShopper.Discount.csproj", "{FBADCFC5-4467-4D3A-B608-22166F088608}"
EndProject
Project("{9A19103F-16F7-4668-BE54-9A1E7A4F7556}") = "EShopper.Order.EntityLayer", "Services\Order\EShopper.Order.EntityLayer\EShopper.Order.EntityLayer.csproj", "{A1D5C681-CCEF-4659-B526-9EC98BD559EF}"
EndProject
Project("{9A19103F-16F7-4668-BE54-9A1E7A4F7556}") = "EShopper.Order.DataAccessLayer", "Services\Order\EShopper.Order.DataAccessLayer\EShopper.Order.DataAccessLayer.csproj", "{6557484E-7040-4BDE-9CFC-4F6362454CEC}"
EndProject
Project("{9A19103F-16F7-4668-BE54-9A1E7A4F7556}") = "EShopper.Order.BusinessLayer", "Services\Order\EShopper.Order.BusinessLayer\EShopper.Order.BusinessLayer.csproj", "{39A3AAA2-8510-455D-94D0-463DA3077478}"
EndProject
Project("{9A19103F-16F7-4668-BE54-9A1E7A4F7556}") = "EShopper.Order.WebApi", "Services\Order\EShopper.Order.WebApi\EShopper.Order.WebApi.csproj", "{EB298457-D3EE-47E9-9987-48F62CB66E50}"
EndProject
Project("{9A19103F-16F7-4668-BE54-9A1E7A4F7556}") = "EShopper.Order.DtoLayer", "Services\Order\EShopper.Order.DtoLayer\EShopper.Order.DtoLayer.csproj", "{C59DD71D-234E-4C6B-8888-F45340CF1FA7}"
EndProject
Project("{2150E333-8FDC-42A3-9474-1A3956D46DE8}") = "Gateway", "Gateway", "{B47F6885-6D62-4B1A-A30F-BCD5D8413D5F}"
EndProject
Project("{9A19103F-16F7-4668-BE54-9A1E7A4F7556}") = "EShopper.IdentityServer", "IdentityServer\EShopper.IdentityServer\EShopper.IdentityServer.csproj", "{2742C526-B08B-460B-AC9E-A7E17AEA4512}"
EndProject
Project("{2150E333-8FDC-42A3-9474-1A3956D46DE8}") = "Message", "Message", "{5F72BE7B-CB6C-4403-9E80-690590BF3404}"
EndProject
Project("{2150E333-8FDC-42A3-9474-1A3956D46DE8}") = "Core", "Core", "{10FA45D8-4E4F-4AD9-8097-89D2F8AF052D}"
EndProject
Project("{2150E333-8FDC-42A3-9474-1A3956D46DE8}") = "Infrastructure", "Infrastructure", "{A88F8601-64AF-4383-992E-86877285D5A0}"
EndProject
Project("{2150E333-8FDC-42A3-9474-1A3956D46DE8}") = "Presentation", "Presentation", "{1CC6C513-DFD0-4104-9204-EB38C5A8469A}"
EndProject
Project("{9A19103F-16F7-4668-BE54-9A1E7A4F7556}") = "EShopper.Message.Domain", "Services\Message\Core\EShopper.Message.Domain\EShopper.Message.Domain.csproj", "{84C39A1E-1CBA-44A7-A6E8-8EE1F2688C28}"
EndProject
Project("{9A19103F-16F7-4668-BE54-9A1E7A4F7556}") = "EShopper.Message.Application", "Services\Message\Core\EShopper.Message.Application\EShopper.Message.Application.csproj", "{0DD9C414-1C77-4F4A-ABE9-BE6A4FCBEED2}"
EndProject
Project("{9A19103F-16F7-4668-BE54-9A1E7A4F7556}") = "EShopper.Message.Persistence", "Services\Message\Infrastructure\EShopper.Message.Persistence\EShopper.Message.Persistence.csproj", "{028E1684-1BD1-493A-B0D0-1C7A2AB5DE1C}"
EndProject
Project("{9A19103F-16F7-4668-BE54-9A1E7A4F7556}") = "EShopper.Message.API", "Services\Message\Presentation\EShopper.Message.API\EShopper.Message.API.csproj", "{AB790BDB-6530-4398-9C31-21E40A971703}"
EndProject
Project("{9A19103F-16F7-4668-BE54-9A1E7A4F7556}") = "EShopper.Basket", "Services\Basket\EShopper.Basket\EShopper.Basket.csproj", "{A0574DE3-05A0-46D4-BD76-53345499685D}"
EndProject
Project("{FAE04EC0-301F-11D3-BF4B-00C04F79EFBC}") = "EShopper.WebUI", "Frontend\EShopper.WebUI\EShopper.WebUI.csproj", "{C99D0E99-1512-4016-85AA-6D504BD1B6F8}"
EndProject
Global
	GlobalSection(SolutionConfigurationPlatforms) = preSolution
		Debug|Any CPU = Debug|Any CPU
		Release|Any CPU = Release|Any CPU
	EndGlobalSection
	GlobalSection(ProjectConfigurationPlatforms) = postSolution
		{A9923438-4E66-45D9-ADCC-948A80D02EBB}.Debug|Any CPU.ActiveCfg = Debug|Any CPU
		{A9923438-4E66-45D9-ADCC-948A80D02EBB}.Debug|Any CPU.Build.0 = Debug|Any CPU
		{A9923438-4E66-45D9-ADCC-948A80D02EBB}.Release|Any CPU.ActiveCfg = Release|Any CPU
		{A9923438-4E66-45D9-ADCC-948A80D02EBB}.Release|Any CPU.Build.0 = Release|Any CPU
		{FBADCFC5-4467-4D3A-B608-22166F088608}.Debug|Any CPU.ActiveCfg = Debug|Any CPU
		{FBADCFC5-4467-4D3A-B608-22166F088608}.Debug|Any CPU.Build.0 = Debug|Any CPU
		{FBADCFC5-4467-4D3A-B608-22166F088608}.Release|Any CPU.ActiveCfg = Release|Any CPU
		{FBADCFC5-4467-4D3A-B608-22166F088608}.Release|Any CPU.Build.0 = Release|Any CPU
		{A1D5C681-CCEF-4659-B526-9EC98BD559EF}.Debug|Any CPU.ActiveCfg = Debug|Any CPU
		{A1D5C681-CCEF-4659-B526-9EC98BD559EF}.Debug|Any CPU.Build.0 = Debug|Any CPU
		{A1D5C681-CCEF-4659-B526-9EC98BD559EF}.Release|Any CPU.ActiveCfg = Release|Any CPU
		{A1D5C681-CCEF-4659-B526-9EC98BD559EF}.Release|Any CPU.Build.0 = Release|Any CPU
		{6557484E-7040-4BDE-9CFC-4F6362454CEC}.Debug|Any CPU.ActiveCfg = Debug|Any CPU
		{6557484E-7040-4BDE-9CFC-4F6362454CEC}.Debug|Any CPU.Build.0 = Debug|Any CPU
		{6557484E-7040-4BDE-9CFC-4F6362454CEC}.Release|Any CPU.ActiveCfg = Release|Any CPU
		{6557484E-7040-4BDE-9CFC-4F6362454CEC}.Release|Any CPU.Build.0 = Release|Any CPU
		{39A3AAA2-8510-455D-94D0-463DA3077478}.Debug|Any CPU.ActiveCfg = Debug|Any CPU
		{39A3AAA2-8510-455D-94D0-463DA3077478}.Debug|Any CPU.Build.0 = Debug|Any CPU
		{39A3AAA2-8510-455D-94D0-463DA3077478}.Release|Any CPU.ActiveCfg = Release|Any CPU
		{39A3AAA2-8510-455D-94D0-463DA3077478}.Release|Any CPU.Build.0 = Release|Any CPU
		{EB298457-D3EE-47E9-9987-48F62CB66E50}.Debug|Any CPU.ActiveCfg = Debug|Any CPU
		{EB298457-D3EE-47E9-9987-48F62CB66E50}.Debug|Any CPU.Build.0 = Debug|Any CPU
		{EB298457-D3EE-47E9-9987-48F62CB66E50}.Release|Any CPU.ActiveCfg = Release|Any CPU
		{EB298457-D3EE-47E9-9987-48F62CB66E50}.Release|Any CPU.Build.0 = Release|Any CPU
		{C59DD71D-234E-4C6B-8888-F45340CF1FA7}.Debug|Any CPU.ActiveCfg = Debug|Any CPU
		{C59DD71D-234E-4C6B-8888-F45340CF1FA7}.Debug|Any CPU.Build.0 = Debug|Any CPU
		{C59DD71D-234E-4C6B-8888-F45340CF1FA7}.Release|Any CPU.ActiveCfg = Release|Any CPU
		{C59DD71D-234E-4C6B-8888-F45340CF1FA7}.Release|Any CPU.Build.0 = Release|Any CPU
		{2742C526-B08B-460B-AC9E-A7E17AEA4512}.Debug|Any CPU.ActiveCfg = Debug|Any CPU
		{2742C526-B08B-460B-AC9E-A7E17AEA4512}.Debug|Any CPU.Build.0 = Debug|Any CPU
		{2742C526-B08B-460B-AC9E-A7E17AEA4512}.Release|Any CPU.ActiveCfg = Release|Any CPU
		{2742C526-B08B-460B-AC9E-A7E17AEA4512}.Release|Any CPU.Build.0 = Release|Any CPU
		{84C39A1E-1CBA-44A7-A6E8-8EE1F2688C28}.Debug|Any CPU.ActiveCfg = Debug|Any CPU
		{84C39A1E-1CBA-44A7-A6E8-8EE1F2688C28}.Debug|Any CPU.Build.0 = Debug|Any CPU
		{84C39A1E-1CBA-44A7-A6E8-8EE1F2688C28}.Release|Any CPU.ActiveCfg = Release|Any CPU
		{84C39A1E-1CBA-44A7-A6E8-8EE1F2688C28}.Release|Any CPU.Build.0 = Release|Any CPU
		{0DD9C414-1C77-4F4A-ABE9-BE6A4FCBEED2}.Debug|Any CPU.ActiveCfg = Debug|Any CPU
		{0DD9C414-1C77-4F4A-ABE9-BE6A4FCBEED2}.Debug|Any CPU.Build.0 = Debug|Any CPU
		{0DD9C414-1C77-4F4A-ABE9-BE6A4FCBEED2}.Release|Any CPU.ActiveCfg = Release|Any CPU
		{0DD9C414-1C77-4F4A-ABE9-BE6A4FCBEED2}.Release|Any CPU.Build.0 = Release|Any CPU
		{028E1684-1BD1-493A-B0D0-1C7A2AB5DE1C}.Debug|Any CPU.ActiveCfg = Debug|Any CPU
		{028E1684-1BD1-493A-B0D0-1C7A2AB5DE1C}.Debug|Any CPU.Build.0 = Debug|Any CPU
		{028E1684-1BD1-493A-B0D0-1C7A2AB5DE1C}.Release|Any CPU.ActiveCfg = Release|Any CPU
		{028E1684-1BD1-493A-B0D0-1C7A2AB5DE1C}.Release|Any CPU.Build.0 = Release|Any CPU
		{AB790BDB-6530-4398-9C31-21E40A971703}.Debug|Any CPU.ActiveCfg = Debug|Any CPU
		{AB790BDB-6530-4398-9C31-21E40A971703}.Debug|Any CPU.Build.0 = Debug|Any CPU
		{AB790BDB-6530-4398-9C31-21E40A971703}.Release|Any CPU.ActiveCfg = Release|Any CPU
		{AB790BDB-6530-4398-9C31-21E40A971703}.Release|Any CPU.Build.0 = Release|Any CPU
		{A0574DE3-05A0-46D4-BD76-53345499685D}.Debug|Any CPU.ActiveCfg = Debug|Any CPU
		{A0574DE3-05A0-46D4-BD76-53345499685D}.Debug|Any CPU.Build.0 = Debug|Any CPU
		{A0574DE3-05A0-46D4-BD76-53345499685D}.Release|Any CPU.ActiveCfg = Release|Any CPU
		{A0574DE3-05A0-46D4-BD76-53345499685D}.Release|Any CPU.Build.0 = Release|Any CPU
		{C99D0E99-1512-4016-85AA-6D504BD1B6F8}.Debug|Any CPU.ActiveCfg = Debug|Any CPU
		{C99D0E99-1512-4016-85AA-6D504BD1B6F8}.Debug|Any CPU.Build.0 = Debug|Any CPU
		{C99D0E99-1512-4016-85AA-6D504BD1B6F8}.Release|Any CPU.ActiveCfg = Release|Any CPU
		{C99D0E99-1512-4016-85AA-6D504BD1B6F8}.Release|Any CPU.Build.0 = Release|Any CPU
	EndGlobalSection
	GlobalSection(SolutionProperties) = preSolution
		HideSolutionNode = FALSE
	EndGlobalSection
	GlobalSection(NestedProjects) = preSolution
		{A909EB60-3BF3-44E9-ACDA-6B0234907E7D} = {8AAC1B53-6BF2-4C68-A32C-C9952AE2CD85}
		{98340A48-2ECE-48FC-9544-A1B28CD03031} = {8AAC1B53-6BF2-4C68-A32C-C9952AE2CD85}
		{C1E11578-5E02-4047-AC80-87D3B115FBA2} = {8AAC1B53-6BF2-4C68-A32C-C9952AE2CD85}
		{BBA18F08-1EFA-457A-B575-5B6F48984F99} = {8AAC1B53-6BF2-4C68-A32C-C9952AE2CD85}
		{D144F92A-1A07-490E-BCCF-0EBD0E84846F} = {8AAC1B53-6BF2-4C68-A32C-C9952AE2CD85}
		{A9923438-4E66-45D9-ADCC-948A80D02EBB} = {A909EB60-3BF3-44E9-ACDA-6B0234907E7D}
		{FBADCFC5-4467-4D3A-B608-22166F088608} = {BBA18F08-1EFA-457A-B575-5B6F48984F99}
		{A1D5C681-CCEF-4659-B526-9EC98BD559EF} = {C1E11578-5E02-4047-AC80-87D3B115FBA2}
		{6557484E-7040-4BDE-9CFC-4F6362454CEC} = {C1E11578-5E02-4047-AC80-87D3B115FBA2}
		{39A3AAA2-8510-455D-94D0-463DA3077478} = {C1E11578-5E02-4047-AC80-87D3B115FBA2}
		{EB298457-D3EE-47E9-9987-48F62CB66E50} = {C1E11578-5E02-4047-AC80-87D3B115FBA2}
		{C59DD71D-234E-4C6B-8888-F45340CF1FA7} = {C1E11578-5E02-4047-AC80-87D3B115FBA2}
		{2742C526-B08B-460B-AC9E-A7E17AEA4512} = {6022BB4E-2794-4D12-BC34-1BEBC521340B}
		{5F72BE7B-CB6C-4403-9E80-690590BF3404} = {8AAC1B53-6BF2-4C68-A32C-C9952AE2CD85}
		{10FA45D8-4E4F-4AD9-8097-89D2F8AF052D} = {5F72BE7B-CB6C-4403-9E80-690590BF3404}
		{A88F8601-64AF-4383-992E-86877285D5A0} = {5F72BE7B-CB6C-4403-9E80-690590BF3404}
		{1CC6C513-DFD0-4104-9204-EB38C5A8469A} = {5F72BE7B-CB6C-4403-9E80-690590BF3404}
		{84C39A1E-1CBA-44A7-A6E8-8EE1F2688C28} = {10FA45D8-4E4F-4AD9-8097-89D2F8AF052D}
		{0DD9C414-1C77-4F4A-ABE9-BE6A4FCBEED2} = {10FA45D8-4E4F-4AD9-8097-89D2F8AF052D}
		{028E1684-1BD1-493A-B0D0-1C7A2AB5DE1C} = {A88F8601-64AF-4383-992E-86877285D5A0}
		{AB790BDB-6530-4398-9C31-21E40A971703} = {1CC6C513-DFD0-4104-9204-EB38C5A8469A}
		{A0574DE3-05A0-46D4-BD76-53345499685D} = {98340A48-2ECE-48FC-9544-A1B28CD03031}
		{C99D0E99-1512-4016-85AA-6D504BD1B6F8} = {1E35F9BE-806D-4813-B43E-F12D2D3A0991}
	EndGlobalSection
	GlobalSection(ExtensibilityGlobals) = postSolution
		SolutionGuid = {76041965-E4CC-4774-A2D5-A6B586C87145}
	EndGlobalSection
EndGlobal
